
Microsoft Visual Studio Solution File, Format Version 12.00
# Visual Studio Version 16
VisualStudioVersion = 16.0.31025.194
MinimumVisualStudioVersion = 10.0.40219.1
Project("{FAE04EC0-301F-11D3-BF4B-00C04F79EFBC}") = "ChickenFarmerGrainGame", "ChickenFarmerGrainGame.csproj", "{BD35E58B-5DBD-4E98-8479-93C77AAFA0BF}"
EndProject
Global
	GlobalSection(SolutionConfigurationPlatforms) = preSolution
		Debug|Any CPU = Debug|Any CPU
		Release|Any CPU = Release|Any CPU
	EndGlobalSection
	GlobalSection(ProjectConfigurationPlatforms) = postSolution
		{BD35E58B-5DBD-4E98-8479-93C77AAFA0BF}.Debug|Any CPU.ActiveCfg = Debug|Any CPU
		{BD35E58B-5DBD-4E98-8479-93C77AAFA0BF}.Debug|Any CPU.Build.0 = Debug|Any CPU
		{BD35E58B-5DBD-4E98-8479-93C77AAFA0BF}.Release|Any CPU.ActiveCfg = Release|Any CPU
		{BD35E58B-5DBD-4E98-8479-93C77AAFA0BF}.Release|Any CPU.Build.0 = Release|Any CPU
	EndGlobalSection
	GlobalSection(SolutionProperties) = preSolution
		HideSolutionNode = FALSE
	EndGlobalSection
	GlobalSection(ExtensibilityGlobals) = postSolution
		SolutionGuid = {32FC4FB7-149B-4029-93C0-D01EFDF0CC59}
	EndGlobalSection
EndGlobal
